{
  "name": "ots-editor",
  "version": "1.0.0",
  "lockfileVersion": 2,
  "requires": true,
  "packages": {
    "": {
      "name": "ots-editor",
      "version": "1.0.0",
      "license": "ISC",
      "dependencies": {
        "ots-core": "file:../Core"
      }
    },
    "../Core": {
      "version": "1.0.0",
      "license": "ISC",
      "dependencies": {
        "@loaders.gl/core": "^3.4.14",
        "@loaders.gl/gltf": "^3.4.14",
        "pako": "^2.1.0",
        "prismarine-nbt": "^2.2.1",
        "typescript": "^5.2.2"
      },
      "devDependencies": {
        "@types/pako": "^2.0.1"
      }
    },
    "node_modules/ots-core": {
      "resolved": "../Core",
      "link": true
    }
  },
  "dependencies": {
    "ots-core": {
      "version": "file:../Core",
      "requires": {
        "@loaders.gl/core": "^3.4.14",
        "@loaders.gl/gltf": "^3.4.14",
        "@types/pako": "^2.0.1",
        "pako": "^2.1.0",
        "prismarine-nbt": "^2.2.1",
        "typescript": "^5.2.2"
      }
    }
  }
}
